
Microsoft Visual Studio Solution File, Format Version 12.00
# Visual Studio 15
VisualStudioVersion = 15.0.27428.2011
MinimumVisualStudioVersion = 10.0.40219.1
Project("{FAE04EC0-301F-11D3-BF4B-00C04F79EFBC}") = "TestTask", "TestTask.csproj", "{6E9922F2-AF75-4807-B6E4-F74499317C39}"
EndProject
Global
	GlobalSection(SolutionConfigurationPlatforms) = preSolution
		Debug|Any CPU = Debug|Any CPU
		Release|Any CPU = Release|Any CPU
	EndGlobalSection
	GlobalSection(ProjectConfigurationPlatforms) = postSolution
		{6E9922F2-AF75-4807-B6E4-F74499317C39}.Debug|Any CPU.ActiveCfg = Debug|Any CPU
		{6E9922F2-AF75-4807-B6E4-F74499317C39}.Debug|Any CPU.Build.0 = Debug|Any CPU
		{6E9922F2-AF75-4807-B6E4-F74499317C39}.Release|Any CPU.ActiveCfg = Release|Any CPU
		{6E9922F2-AF75-4807-B6E4-F74499317C39}.Release|Any CPU.Build.0 = Release|Any CPU
	EndGlobalSection
	GlobalSection(SolutionProperties) = preSolution
		HideSolutionNode = FALSE
	EndGlobalSection
	GlobalSection(ExtensibilityGlobals) = postSolution
		SolutionGuid = {5FE530AC-4A73-424F-A09C-BA80D3FAA134}
	EndGlobalSection
EndGlobal
